
Microsoft Visual Studio Solution File, Format Version 12.00
# Visual Studio 15
VisualStudioVersion = 15.0.28307.1022
MinimumVisualStudioVersion = 10.0.40219.1
Project("{FAE04EC0-301F-11D3-BF4B-00C04F79EFBC}") = "EscribiryLeer", "EscribiryLeer\EscribiryLeer.csproj", "{BA2858AB-855F-4713-88C4-AB43A00AF151}"
EndProject
Global
	GlobalSection(SolutionConfigurationPlatforms) = preSolution
		Debug|Any CPU = Debug|Any CPU
		Release|Any CPU = Release|Any CPU
	EndGlobalSection
	GlobalSection(ProjectConfigurationPlatforms) = postSolution
		{BA2858AB-855F-4713-88C4-AB43A00AF151}.Debug|Any CPU.ActiveCfg = Debug|Any CPU
		{BA2858AB-855F-4713-88C4-AB43A00AF151}.Debug|Any CPU.Build.0 = Debug|Any CPU
		{BA2858AB-855F-4713-88C4-AB43A00AF151}.Release|Any CPU.ActiveCfg = Release|Any CPU
		{BA2858AB-855F-4713-88C4-AB43A00AF151}.Release|Any CPU.Build.0 = Release|Any CPU
	EndGlobalSection
	GlobalSection(SolutionProperties) = preSolution
		HideSolutionNode = FALSE
	EndGlobalSection
	GlobalSection(ExtensibilityGlobals) = postSolution
		SolutionGuid = {5408CB78-D026-4C1A-8954-883819708367}
	EndGlobalSection
EndGlobal
